// !$*UTF8*$!
{
	archiveVersion = 1;
	classes = {
	};
	objectVersion = 50;
	objects = {

/* Begin PBXBuildFile section */
		52EA8068B6F0AB8E88D1A7FD /* Pods_NewsSwift.framework in Frameworks */ = {isa = PBXBuildFile; fileRef = 12B215C7C70C42F46CB11756 /* Pods_NewsSwift.framework */; };
		BD43307C210170740002C84C /* Layout.swift in Sources */ = {isa = PBXBuildFile; fileRef = BD43307B210170740002C84C /* Layout.swift */; };
		BD43307E2101742A0002C84C /* WDCommonView.swift in Sources */ = {isa = PBXBuildFile; fileRef = BD43307D2101742A0002C84C /* WDCommonView.swift */; };
		BD4330882101801C0002C84C /* FirstViewController.swift in Sources */ = {isa = PBXBuildFile; fileRef = BD4330872101801C0002C84C /* FirstViewController.swift */; };
		BD43308A210180270002C84C /* SecondViewController.swift in Sources */ = {isa = PBXBuildFile; fileRef = BD433089210180270002C84C /* SecondViewController.swift */; };
		BD43308C210180300002C84C /* ThreeViewController.swift in Sources */ = {isa = PBXBuildFile; fileRef = BD43308B210180300002C84C /* ThreeViewController.swift */; };
		BD43308E210180390002C84C /* FourViewController.swift in Sources */ = {isa = PBXBuildFile; fileRef = BD43308D210180390002C84C /* FourViewController.swift */; };
		BD4330912101807E0002C84C /* TabbarViewController.swift in Sources */ = {isa = PBXBuildFile; fileRef = BD4330902101807E0002C84C /* TabbarViewController.swift */; };
		BD4330942101AF9A0002C84C /* WDCollectionViewCell.swift in Sources */ = {isa = PBXBuildFile; fileRef = BD4330932101AF9A0002C84C /* WDCollectionViewCell.swift */; };
		BD4330962101AFC00002C84C /* WDCollectionReusableView.swift in Sources */ = {isa = PBXBuildFile; fileRef = BD4330952101AFC00002C84C /* WDCollectionReusableView.swift */; };
		BD4330982101D1BD0002C84C /* WDAPI.swift in Sources */ = {isa = PBXBuildFile; fileRef = BD4330972101D1BD0002C84C /* WDAPI.swift */; };
		BD5CF42921007AD6004524F1 /* Const.swift in Sources */ = {isa = PBXBuildFile; fileRef = BD5CF42721007AD6004524F1 /* Const.swift */; };
		BD5CF42A21007AD6004524F1 /* Global.swift in Sources */ = {isa = PBXBuildFile; fileRef = BD5CF42821007AD6004524F1 /* Global.swift */; };
		BD5CF42C21008096004524F1 /* WDModel.swift in Sources */ = {isa = PBXBuildFile; fileRef = BD5CF42B21008096004524F1 /* WDModel.swift */; };
		BDACE9C221057501001D8250 /* WDDeviceExtension.swift in Sources */ = {isa = PBXBuildFile; fileRef = BDACE9C121057501001D8250 /* WDDeviceExtension.swift */; };
		BDACE9C421057CB4001D8250 /* URefresh.swift in Sources */ = {isa = PBXBuildFile; fileRef = BDACE9C321057CB4001D8250 /* URefresh.swift */; };
		BDB925C72101E4DE000A65F0 /* MoreViewController.swift in Sources */ = {isa = PBXBuildFile; fileRef = BDB925C62101E4DE000A65F0 /* MoreViewController.swift */; };
		BDDA929521467B8C0047F999 /* TestModel.swift in Sources */ = {isa = PBXBuildFile; fileRef = BDDA929421467B8C0047F999 /* TestModel.swift */; };
		BDDD28C520FEE04C00BA1AEC /* AppDelegate.swift in Sources */ = {isa = PBXBuildFile; fileRef = BDDD28C420FEE04C00BA1AEC /* AppDelegate.swift */; };
		BDDD28C720FEE04C00BA1AEC /* ViewController.swift in Sources */ = {isa = PBXBuildFile; fileRef = BDDD28C620FEE04C00BA1AEC /* ViewController.swift */; };
		BDDD28CA20FEE04C00BA1AEC /* Main.storyboard in Resources */ = {isa = PBXBuildFile; fileRef = BDDD28C820FEE04C00BA1AEC /* Main.storyboard */; };
		BDDD28CC20FEE04E00BA1AEC /* Assets.xcassets in Resources */ = {isa = PBXBuildFile; fileRef = BDDD28CB20FEE04E00BA1AEC /* Assets.xcassets */; };
		BDDD28CF20FEE04E00BA1AEC /* LaunchScreen.storyboard in Resources */ = {isa = PBXBuildFile; fileRef = BDDD28CD20FEE04E00BA1AEC /* LaunchScreen.storyboard */; };
		BDDD28DA20FEE04E00BA1AEC /* NewsSwiftTests.swift in Sources */ = {isa = PBXBuildFile; fileRef = BDDD28D920FEE04E00BA1AEC /* NewsSwiftTests.swift */; };
		BDDD28E520FEE04E00BA1AEC /* NewsSwiftUITests.swift in Sources */ = {isa = PBXBuildFile; fileRef = BDDD28E420FEE04E00BA1AEC /* NewsSwiftUITests.swift */; };
		BDDD28F320FF467400BA1AEC /* WDTableViewCell.swift in Sources */ = {isa = PBXBuildFile; fileRef = BDDD28F220FF467400BA1AEC /* WDTableViewCell.swift */; };
/* End PBXBuildFile section */

/* Begin PBXContainerItemProxy section */
		BDDD28D620FEE04E00BA1AEC /* PBXContainerItemProxy */ = {
			isa = PBXContainerItemProxy;
			containerPortal = BDDD28B920FEE04C00BA1AEC /* Project object */;
			proxyType = 1;
			remoteGlobalIDString = BDDD28C020FEE04C00BA1AEC;
			remoteInfo = NewsSwift;
		};
		BDDD28E120FEE04E00BA1AEC /* PBXContainerItemProxy */ = {
			isa = PBXContainerItemProxy;
			containerPortal = BDDD28B920FEE04C00BA1AEC /* Project object */;
			proxyType = 1;
			remoteGlobalIDString = BDDD28C020FEE04C00BA1AEC;
			remoteInfo = NewsSwift;
		};
/* End PBXContainerItemProxy section */

/* Begin PBXFileReference section */
		12B215C7C70C42F46CB11756 /* Pods_NewsSwift.framework */ = {isa = PBXFileReference; explicitFileType = wrapper.framework; includeInIndex = 0; path = Pods_NewsSwift.framework; sourceTree = BUILT_PRODUCTS_DIR; };
		14C71ED833D73FDF98AA9AE6 /* Pods-NewsSwift.debug.xcconfig */ = {isa = PBXFileReference; includeInIndex = 1; lastKnownFileType = text.xcconfig; name = "Pods-NewsSwift.debug.xcconfig"; path = "Pods/Target Support Files/Pods-NewsSwift/Pods-NewsSwift.debug.xcconfig"; sourceTree = "<group>"; };
		99F2904FDDB2BECA21D713D8 /* Pods-NewsSwift.release.xcconfig */ = {isa = PBXFileReference; includeInIndex = 1; lastKnownFileType = text.xcconfig; name = "Pods-NewsSwift.release.xcconfig"; path = "Pods/Target Support Files/Pods-NewsSwift/Pods-NewsSwift.release.xcconfig"; sourceTree = "<group>"; };
		BD43307B210170740002C84C /* Layout.swift */ = {isa = PBXFileReference; lastKnownFileType = sourcecode.swift; path = Layout.swift; sourceTree = "<group>"; };
		BD43307D2101742A0002C84C /* WDCommonView.swift */ = {isa = PBXFileReference; lastKnownFileType = sourcecode.swift; path = WDCommonView.swift; sourceTree = "<group>"; };
		BD4330872101801C0002C84C /* FirstViewController.swift */ = {isa = PBXFileReference; lastKnownFileType = sourcecode.swift; path = FirstViewController.swift; sourceTree = "<group>"; };
		BD433089210180270002C84C /* SecondViewController.swift */ = {isa = PBXFileReference; lastKnownFileType = sourcecode.swift; path = SecondViewController.swift; sourceTree = "<group>"; };
		BD43308B210180300002C84C /* ThreeViewController.swift */ = {isa = PBXFileReference; lastKnownFileType = sourcecode.swift; path = ThreeViewController.swift; sourceTree = "<group>"; };
		BD43308D210180390002C84C /* FourViewController.swift */ = {isa = PBXFileReference; lastKnownFileType = sourcecode.swift; path = FourViewController.swift; sourceTree = "<group>"; };
		BD4330902101807E0002C84C /* TabbarViewController.swift */ = {isa = PBXFileReference; lastKnownFileType = sourcecode.swift; path = TabbarViewController.swift; sourceTree = "<group>"; };
		BD4330932101AF9A0002C84C /* WDCollectionViewCell.swift */ = {isa = PBXFileReference; lastKnownFileType = sourcecode.swift; path = WDCollectionViewCell.swift; sourceTree = "<group>"; };
		BD4330952101AFC00002C84C /* WDCollectionReusableView.swift */ = {isa = PBXFileReference; lastKnownFileType = sourcecode.swift; path = WDCollectionReusableView.swift; sourceTree = "<group>"; };
		BD4330972101D1BD0002C84C /* WDAPI.swift */ = {isa = PBXFileReference; lastKnownFileType = sourcecode.swift; path = WDAPI.swift; sourceTree = "<group>"; };
		BD5CF42721007AD6004524F1 /* Const.swift */ = {isa = PBXFileReference; fileEncoding = 4; lastKnownFileType = sourcecode.swift; name = Const.swift; path = ../../../../../.Trash/Const.swift; sourceTree = "<group>"; };
		BD5CF42821007AD6004524F1 /* Global.swift */ = {isa = PBXFileReference; fileEncoding = 4; lastKnownFileType = sourcecode.swift; name = Global.swift; path = ../../../../../.Trash/Global.swift; sourceTree = "<group>"; };
		BD5CF42B21008096004524F1 /* WDModel.swift */ = {isa = PBXFileReference; lastKnownFileType = sourcecode.swift; path = WDModel.swift; sourceTree = "<group>"; };
		BDACE9C121057501001D8250 /* WDDeviceExtension.swift */ = {isa = PBXFileReference; lastKnownFileType = sourcecode.swift; path = WDDeviceExtension.swift; sourceTree = "<group>"; };
		BDACE9C321057CB4001D8250 /* URefresh.swift */ = {isa = PBXFileReference; lastKnownFileType = sourcecode.swift; path = URefresh.swift; sourceTree = "<group>"; };
		BDB925C62101E4DE000A65F0 /* MoreViewController.swift */ = {isa = PBXFileReference; lastKnownFileType = sourcecode.swift; path = MoreViewController.swift; sourceTree = "<group>"; };
		BDDA929421467B8C0047F999 /* TestModel.swift */ = {isa = PBXFileReference; lastKnownFileType = sourcecode.swift; path = TestModel.swift; sourceTree = "<group>"; };
		BDDD28C120FEE04C00BA1AEC /* NewsSwift.app */ = {isa = PBXFileReference; explicitFileType = wrapper.application; includeInIndex = 0; path = NewsSwift.app; sourceTree = BUILT_PRODUCTS_DIR; };
		BDDD28C420FEE04C00BA1AEC /* AppDelegate.swift */ = {isa = PBXFileReference; lastKnownFileType = sourcecode.swift; path = AppDelegate.swift; sourceTree = "<group>"; };
		BDDD28C620FEE04C00BA1AEC /* ViewController.swift */ = {isa = PBXFileReference; lastKnownFileType = sourcecode.swift; path = ViewController.swift; sourceTree = "<group>"; };
		BDDD28C920FEE04C00BA1AEC /* Base */ = {isa = PBXFileReference; lastKnownFileType = file.storyboard; name = Base; path = Base.lproj/Main.storyboard; sourceTree = "<group>"; };
		BDDD28CB20FEE04E00BA1AEC /* Assets.xcassets */ = {isa = PBXFileReference; lastKnownFileType = folder.assetcatalog; path = Assets.xcassets; sourceTree = "<group>"; };
		BDDD28CE20FEE04E00BA1AEC /* Base */ = {isa = PBXFileReference; lastKnownFileType = file.storyboard; name = Base; path = Base.lproj/LaunchScreen.storyboard; sourceTree = "<group>"; };
		BDDD28D020FEE04E00BA1AEC /* Info.plist */ = {isa = PBXFileReference; lastKnownFileType = text.plist.xml; path = Info.plist; sourceTree = "<group>"; };
		BDDD28D520FEE04E00BA1AEC /* NewsSwiftTests.xctest */ = {isa = PBXFileReference; explicitFileType = wrapper.cfbundle; includeInIndex = 0; path = NewsSwiftTests.xctest; sourceTree = BUILT_PRODUCTS_DIR; };
		BDDD28D920FEE04E00BA1AEC /* NewsSwiftTests.swift */ = {isa = PBXFileReference; lastKnownFileType = sourcecode.swift; path = NewsSwiftTests.swift; sourceTree = "<group>"; };
		BDDD28DB20FEE04E00BA1AEC /* Info.plist */ = {isa = PBXFileReference; lastKnownFileType = text.plist.xml; path = Info.plist; sourceTree = "<group>"; };
		BDDD28E020FEE04E00BA1AEC /* NewsSwiftUITests.xctest */ = {isa = PBXFileReference; explicitFileType = wrapper.cfbundle; includeInIndex = 0; path = NewsSwiftUITests.xctest; sourceTree = BUILT_PRODUCTS_DIR; };
		BDDD28E420FEE04E00BA1AEC /* NewsSwiftUITests.swift */ = {isa = PBXFileReference; lastKnownFileType = sourcecode.swift; path = NewsSwiftUITests.swift; sourceTree = "<group>"; };
		BDDD28E620FEE04E00BA1AEC /* Info.plist */ = {isa = PBXFileReference; lastKnownFileType = text.plist.xml; path = Info.plist; sourceTree = "<group>"; };
		BDDD28F220FF467400BA1AEC /* WDTableViewCell.swift */ = {isa = PBXFileReference; lastKnownFileType = sourcecode.swift; path = WDTableViewCell.swift; sourceTree = "<group>"; };
/* End PBXFileReference section */

/* Begin PBXFrameworksBuildPhase section */
		BDDD28BE20FEE04C00BA1AEC /* Frameworks */ = {
			isa = PBXFrameworksBuildPhase;
			buildActionMask = 2147483647;
			files = (
				52EA8068B6F0AB8E88D1A7FD /* Pods_NewsSwift.framework in Frameworks */,
			);
			runOnlyForDeploymentPostprocessing = 0;
		};
		BDDD28D220FEE04E00BA1AEC /* Frameworks */ = {
			isa = PBXFrameworksBuildPhase;
			buildActionMask = 2147483647;
			files = (
			);
			runOnlyForDeploymentPostprocessing = 0;
		};
		BDDD28DD20FEE04E00BA1AEC /* Frameworks */ = {
			isa = PBXFrameworksBuildPhase;
			buildActionMask = 2147483647;
			files = (
			);
			runOnlyForDeploymentPostprocessing = 0;
		};
/* End PBXFrameworksBuildPhase section */

/* Begin PBXGroup section */
		08F6DE5EBEB9EEF16DA5BCD1 /* Frameworks */ = {
			isa = PBXGroup;
			children = (
				12B215C7C70C42F46CB11756 /* Pods_NewsSwift.framework */,
			);
			name = Frameworks;
			sourceTree = "<group>";
		};
		9FB6F3937F2E0E4C9B32D758 /* Pods */ = {
			isa = PBXGroup;
			children = (
				14C71ED833D73FDF98AA9AE6 /* Pods-NewsSwift.debug.xcconfig */,
				99F2904FDDB2BECA21D713D8 /* Pods-NewsSwift.release.xcconfig */,
			);
			name = Pods;
			sourceTree = "<group>";
		};
		BD43307A21016F650002C84C /* Layout */ = {
			isa = PBXGroup;
			children = (
				BD43307B210170740002C84C /* Layout.swift */,
				BD43307D2101742A0002C84C /* WDCommonView.swift */,
			);
			path = Layout;
			sourceTree = "<group>";
		};
		BD43308621017FFE0002C84C /* Controlls */ = {
			isa = PBXGroup;
			children = (
				BD4330872101801C0002C84C /* FirstViewController.swift */,
				BD433089210180270002C84C /* SecondViewController.swift */,
				BDB925C62101E4DE000A65F0 /* MoreViewController.swift */,
				BD43308B210180300002C84C /* ThreeViewController.swift */,
				BD43308D210180390002C84C /* FourViewController.swift */,
				BDDA929321467ADB0047F999 /* model */,
			);
			path = Controlls;
			sourceTree = "<group>";
		};
		BD43308F210180650002C84C /* TabbarBase */ = {
			isa = PBXGroup;
			children = (
				BD4330902101807E0002C84C /* TabbarViewController.swift */,
			);
			path = TabbarBase;
			sourceTree = "<group>";
		};
		BD433092210181AA0002C84C /* Cells */ = {
			isa = PBXGroup;
			children = (
				BDDD28F220FF467400BA1AEC /* WDTableViewCell.swift */,
				BD4330952101AFC00002C84C /* WDCollectionReusableView.swift */,
				BD4330932101AF9A0002C84C /* WDCollectionViewCell.swift */,
			);
			name = Cells;
			path = NewsSwift/Cells;
			sourceTree = SOURCE_ROOT;
		};
		BD5CF42621007AC2004524F1 /* Procedure */ = {
			isa = PBXGroup;
			children = (
				BD5CF42721007AD6004524F1 /* Const.swift */,
				BD5CF42821007AD6004524F1 /* Global.swift */,
				BD5CF42B21008096004524F1 /* WDModel.swift */,
				BD4330972101D1BD0002C84C /* WDAPI.swift */,
				BDACE9C121057501001D8250 /* WDDeviceExtension.swift */,
				BDACE9C321057CB4001D8250 /* URefresh.swift */,
			);
			path = Procedure;
			sourceTree = "<group>";
		};
		BDDA929321467ADB0047F999 /* model */ = {
			isa = PBXGroup;
			children = (
				BDDA929421467B8C0047F999 /* TestModel.swift */,
			);
			path = model;
			sourceTree = "<group>";
		};
		BDDD28B820FEE04C00BA1AEC = {
			isa = PBXGroup;
			children = (
				BDDD28C320FEE04C00BA1AEC /* NewsSwift */,
				BDDD28D820FEE04E00BA1AEC /* NewsSwiftTests */,
				BDDD28E320FEE04E00BA1AEC /* NewsSwiftUITests */,
				BDDD28C220FEE04C00BA1AEC /* Products */,
				9FB6F3937F2E0E4C9B32D758 /* Pods */,
				08F6DE5EBEB9EEF16DA5BCD1 /* Frameworks */,
			);
			sourceTree = "<group>";
		};
		BDDD28C220FEE04C00BA1AEC /* Products */ = {
			isa = PBXGroup;
			children = (
				BDDD28C120FEE04C00BA1AEC /* NewsSwift.app */,
				BDDD28D520FEE04E00BA1AEC /* NewsSwiftTests.xctest */,
				BDDD28E020FEE04E00BA1AEC /* NewsSwiftUITests.xctest */,
			);
			name = Products;
			sourceTree = "<group>";
		};
		BDDD28C320FEE04C00BA1AEC /* NewsSwift */ = {
			isa = PBXGroup;
			children = (
				BD43308F210180650002C84C /* TabbarBase */,
				BD43307A21016F650002C84C /* Layout */,
				BD5CF42621007AC2004524F1 /* Procedure */,
				BD43308621017FFE0002C84C /* Controlls */,
				BD433092210181AA0002C84C /* Cells */,
				BDDD28C420FEE04C00BA1AEC /* AppDelegate.swift */,
				BDDD28C620FEE04C00BA1AEC /* ViewController.swift */,
				BDDD28C820FEE04C00BA1AEC /* Main.storyboard */,
				BDDD28CB20FEE04E00BA1AEC /* Assets.xcassets */,
				BDDD28CD20FEE04E00BA1AEC /* LaunchScreen.storyboard */,
				BDDD28D020FEE04E00BA1AEC /* Info.plist */,
			);
			path = NewsSwift;
			sourceTree = "<group>";
		};
		BDDD28D820FEE04E00BA1AEC /* NewsSwiftTests */ = {
			isa = PBXGroup;
			children = (
				BDDD28D920FEE04E00BA1AEC /* NewsSwiftTests.swift */,
				BDDD28DB20FEE04E00BA1AEC /* Info.plist */,
			);
			path = NewsSwiftTests;
			sourceTree = "<group>";
		};
		BDDD28E320FEE04E00BA1AEC /* NewsSwiftUITests */ = {
			isa = PBXGroup;
			children = (
				BDDD28E420FEE04E00BA1AEC /* NewsSwiftUITests.swift */,
				BDDD28E620FEE04E00BA1AEC /* Info.plist */,
			);
			path = NewsSwiftUITests;
			sourceTree = "<group>";
		};
/* End PBXGroup section */

/* Begin PBXNativeTarget section */
		BDDD28C020FEE04C00BA1AEC /* NewsSwift */ = {
			isa = PBXNativeTarget;
			buildConfigurationList = BDDD28E920FEE04E00BA1AEC /* Build configuration list for PBXNativeTarget "NewsSwift" */;
			buildPhases = (
				D59C8233C454AB6E7BE94D90 /* [CP] Check Pods Manifest.lock */,
				BDDD28BD20FEE04C00BA1AEC /* Sources */,
				BDDD28BE20FEE04C00BA1AEC /* Frameworks */,
				BDDD28BF20FEE04C00BA1AEC /* Resources */,
				B766CFE79491BC4B140F024E /* [CP] Embed Pods Frameworks */,
			);
			buildRules = (
			);
			dependencies = (
			);
			name = NewsSwift;
			productName = NewsSwift;
			productReference = BDDD28C120FEE04C00BA1AEC /* NewsSwift.app */;
			productType = "com.apple.product-type.application";
		};
		BDDD28D420FEE04E00BA1AEC /* NewsSwiftTests */ = {
			isa = PBXNativeTarget;
			buildConfigurationList = BDDD28EC20FEE04E00BA1AEC /* Build configuration list for PBXNativeTarget "NewsSwiftTests" */;
			buildPhases = (
				BDDD28D120FEE04E00BA1AEC /* Sources */,
				BDDD28D220FEE04E00BA1AEC /* Frameworks */,
				BDDD28D320FEE04E00BA1AEC /* Resources */,
			);
			buildRules = (
			);
			dependencies = (
				BDDD28D720FEE04E00BA1AEC /* PBXTargetDependency */,
			);
			name = NewsSwiftTests;
			productName = NewsSwiftTests;
			productReference = BDDD28D520FEE04E00BA1AEC /* NewsSwiftTests.xctest */;
			productType = "com.apple.product-type.bundle.unit-test";
		};
		BDDD28DF20FEE04E00BA1AEC /* NewsSwiftUITests */ = {
			isa = PBXNativeTarget;
			buildConfigurationList = BDDD28EF20FEE04E00BA1AEC /* Build configuration list for PBXNativeTarget "NewsSwiftUITests" */;
			buildPhases = (
				BDDD28DC20FEE04E00BA1AEC /* Sources */,
				BDDD28DD20FEE04E00BA1AEC /* Frameworks */,
				BDDD28DE20FEE04E00BA1AEC /* Resources */,
			);
			buildRules = (
			);
			dependencies = (
				BDDD28E220FEE04E00BA1AEC /* PBXTargetDependency */,
			);
			name = NewsSwiftUITests;
			productName = NewsSwiftUITests;
			productReference = BDDD28E020FEE04E00BA1AEC /* NewsSwiftUITests.xctest */;
			productType = "com.apple.product-type.bundle.ui-testing";
		};
/* End PBXNativeTarget section */

/* Begin PBXProject section */
		BDDD28B920FEE04C00BA1AEC /* Project object */ = {
			isa = PBXProject;
			attributes = {
				LastSwiftUpdateCheck = 0940;
				LastUpgradeCheck = 0940;
				ORGANIZATIONNAME = "hisilc-mac002";
				TargetAttributes = {
					BDDD28C020FEE04C00BA1AEC = {
						CreatedOnToolsVersion = 9.4.1;
						LastSwiftMigration = 0940;
					};
					BDDD28D420FEE04E00BA1AEC = {
						CreatedOnToolsVersion = 9.4.1;
						TestTargetID = BDDD28C020FEE04C00BA1AEC;
					};
					BDDD28DF20FEE04E00BA1AEC = {
						CreatedOnToolsVersion = 9.4.1;
						TestTargetID = BDDD28C020FEE04C00BA1AEC;
					};
				};
			};
			buildConfigurationList = BDDD28BC20FEE04C00BA1AEC /* Build configuration list for PBXProject "NewsSwift" */;
			compatibilityVersion = "Xcode 9.3";
			developmentRegion = en;
			hasScannedForEncodings = 0;
			knownRegions = (
				en,
				Base,
			);
			mainGroup = BDDD28B820FEE04C00BA1AEC;
			productRefGroup = BDDD28C220FEE04C00BA1AEC /* Products */;
			projectDirPath = "";
			projectRoot = "";
			targets = (
				BDDD28C020FEE04C00BA1AEC /* NewsSwift */,
				BDDD28D420FEE04E00BA1AEC /* NewsSwiftTests */,
				BDDD28DF20FEE04E00BA1AEC /* NewsSwiftUITests */,
			);
		};
/* End PBXProject section */

/* Begin PBXResourcesBuildPhase section */
		BDDD28BF20FEE04C00BA1AEC /* Resources */ = {
			isa = PBXResourcesBuildPhase;
			buildActionMask = 2147483647;
			files = (
				BDDD28CF20FEE04E00BA1AEC /* LaunchScreen.storyboard in Resources */,
				BDDD28CC20FEE04E00BA1AEC /* Assets.xcassets in Resources */,
				BDDD28CA20FEE04C00BA1AEC /* Main.storyboard in Resources */,
			);
			runOnlyForDeploymentPostprocessing = 0;
		};
		BDDD28D320FEE04E00BA1AEC /* Resources */ = {
			isa = PBXResourcesBuildPhase;
			buildActionMask = 2147483647;
			files = (
			);
			runOnlyForDeploymentPostprocessing = 0;
		};
		BDDD28DE20FEE04E00BA1AEC /* Resources */ = {
			isa = PBXResourcesBuildPhase;
			buildActionMask = 2147483647;
			files = (
			);
			runOnlyForDeploymentPostprocessing = 0;
		};
/* End PBXResourcesBuildPhase section */

/* Begin PBXShellScriptBuildPhase section */
		B766CFE79491BC4B140F024E /* [CP] Embed Pods Frameworks */ = {
			isa = PBXShellScriptBuildPhase;
			buildActionMask = 2147483647;
			files = (
			);
			inputPaths = (
				"${SRCROOT}/Pods/Target Support Files/Pods-NewsSwift/Pods-NewsSwift-frameworks.sh",
				"${BUILT_PRODUCTS_DIR}/Alamofire/Alamofire.framework",
				"${BUILT_PRODUCTS_DIR}/BMPlayer/BMPlayer.framework",
				"${BUILT_PRODUCTS_DIR}/FDFullscreenPopGesture/FDFullscreenPopGesture.framework",
				"${BUILT_PRODUCTS_DIR}/HandyJSON/HandyJSON.framework",
				"${BUILT_PRODUCTS_DIR}/Kingfisher/Kingfisher.framework",
				"${BUILT_PRODUCTS_DIR}/LLCycleScrollView/LLCycleScrollView.framework",
				"${BUILT_PRODUCTS_DIR}/MBProgressHUD/MBProgressHUD.framework",
				"${BUILT_PRODUCTS_DIR}/MJRefresh/MJRefresh.framework",
				"${BUILT_PRODUCTS_DIR}/Moya/Moya.framework",
				"${BUILT_PRODUCTS_DIR}/NVActivityIndicatorView/NVActivityIndicatorView.framework",
				"${BUILT_PRODUCTS_DIR}/Result/Result.framework",
				"${BUILT_PRODUCTS_DIR}/RxCocoa/RxCocoa.framework",
				"${BUILT_PRODUCTS_DIR}/RxSwift/RxSwift.framework",
				"${BUILT_PRODUCTS_DIR}/SGPagingView/SGPagingView.framework",
				"${BUILT_PRODUCTS_DIR}/SQLite.swift/SQLite.framework",
				"${BUILT_PRODUCTS_DIR}/SVProgressHUD/SVProgressHUD.framework",
				"${BUILT_PRODUCTS_DIR}/SnapKit/SnapKit.framework",
				"${BUILT_PRODUCTS_DIR}/SwiftTheme/SwiftTheme.framework",
				"${BUILT_PRODUCTS_DIR}/SwiftyJSON/SwiftyJSON.framework",
				"${BUILT_PRODUCTS_DIR}/lottie-ios/Lottie.framework",
			);
			name = "[CP] Embed Pods Frameworks";
			outputPaths = (
				"${TARGET_BUILD_DIR}/${FRAMEWORKS_FOLDER_PATH}/Alamofire.framework",
				"${TARGET_BUILD_DIR}/${FRAMEWORKS_FOLDER_PATH}/BMPlayer.framework",
				"${TARGET_BUILD_DIR}/${FRAMEWORKS_FOLDER_PATH}/FDFullscreenPopGesture.framework",
				"${TARGET_BUILD_DIR}/${FRAMEWORKS_FOLDER_PATH}/HandyJSON.framework",
				"${TARGET_BUILD_DIR}/${FRAMEWORKS_FOLDER_PATH}/Kingfisher.framework",
				"${TARGET_BUILD_DIR}/${FRAMEWORKS_FOLDER_PATH}/LLCycleScrollView.framework",
				"${TARGET_BUILD_DIR}/${FRAMEWORKS_FOLDER_PATH}/MBProgressHUD.framework",
				"${TARGET_BUILD_DIR}/${FRAMEWORKS_FOLDER_PATH}/MJRefresh.framework",
				"${TARGET_BUILD_DIR}/${FRAMEWORKS_FOLDER_PATH}/Moya.framework",
				"${TARGET_BUILD_DIR}/${FRAMEWORKS_FOLDER_PATH}/NVActivityIndicatorView.framework",
				"${TARGET_BUILD_DIR}/${FRAMEWORKS_FOLDER_PATH}/Result.framework",
				"${TARGET_BUILD_DIR}/${FRAMEWORKS_FOLDER_PATH}/RxCocoa.framework",
				"${TARGET_BUILD_DIR}/${FRAMEWORKS_FOLDER_PATH}/RxSwift.framework",
				"${TARGET_BUILD_DIR}/${FRAMEWORKS_FOLDER_PATH}/SGPagingView.framework",
				"${TARGET_BUILD_DIR}/${FRAMEWORKS_FOLDER_PATH}/SQLite.framework",
				"${TARGET_BUILD_DIR}/${FRAMEWORKS_FOLDER_PATH}/SVProgressHUD.framework",
				"${TARGET_BUILD_DIR}/${FRAMEWORKS_FOLDER_PATH}/SnapKit.framework",
				"${TARGET_BUILD_DIR}/${FRAMEWORKS_FOLDER_PATH}/SwiftTheme.framework",
				"${TARGET_BUILD_DIR}/${FRAMEWORKS_FOLDER_PATH}/SwiftyJSON.framework",
				"${TARGET_BUILD_DIR}/${FRAMEWORKS_FOLDER_PATH}/Lottie.framework",
			);
			runOnlyForDeploymentPostprocessing = 0;
			shellPath = /bin/sh;
			shellScript = "\"${SRCROOT}/Pods/Target Support Files/Pods-NewsSwift/Pods-NewsSwift-frameworks.sh\"\n";
			showEnvVarsInLog = 0;
		};
		D59C8233C454AB6E7BE94D90 /* [CP] Check Pods Manifest.lock */ = {
			isa = PBXShellScriptBuildPhase;
			buildActionMask = 2147483647;
			files = (
			);
			inputPaths = (
				"${PODS_PODFILE_DIR_PATH}/Podfile.lock",
				"${PODS_ROOT}/Manifest.lock",
			);
			name = "[CP] Check Pods Manifest.lock";
			outputPaths = (
				"$(DERIVED_FILE_DIR)/Pods-NewsSwift-checkManifestLockResult.txt",
			);
			runOnlyForDeploymentPostprocessing = 0;
			shellPath = /bin/sh;
			shellScript = "diff \"${PODS_PODFILE_DIR_PATH}/Podfile.lock\" \"${PODS_ROOT}/Manifest.lock\" > /dev/null\nif [ $? != 0 ] ; then\n    # print error to STDERR\n    echo \"error: The sandbox is not in sync with the Podfile.lock. Run 'pod install' or update your CocoaPods installation.\" >&2\n    exit 1\nfi\n# This output is used by Xcode 'outputs' to avoid re-running this script phase.\necho \"SUCCESS\" > \"${SCRIPT_OUTPUT_FILE_0}\"\n";
			showEnvVarsInLog = 0;
		};
/* End PBXShellScriptBuildPhase section */

/* Begin PBXSourcesBuildPhase section */
		BDDD28BD20FEE04C00BA1AEC /* Sources */ = {
			isa = PBXSourcesBuildPhase;
			buildActionMask = 2147483647;
			files = (
				BDACE9C221057501001D8250 /* WDDeviceExtension.swift in Sources */,
				BD4330882101801C0002C84C /* FirstViewController.swift in Sources */,
				BDDD28C720FEE04C00BA1AEC /* ViewController.swift in Sources */,
				BD43308E210180390002C84C /* FourViewController.swift in Sources */,
				BD4330912101807E0002C84C /* TabbarViewController.swift in Sources */,
				BD43308C210180300002C84C /* ThreeViewController.swift in Sources */,
				BD5CF42921007AD6004524F1 /* Const.swift in Sources */,
				BDDA929521467B8C0047F999 /* TestModel.swift in Sources */,
				BDB925C72101E4DE000A65F0 /* MoreViewController.swift in Sources */,
				BDDD28F320FF467400BA1AEC /* WDTableViewCell.swift in Sources */,
				BD5CF42A21007AD6004524F1 /* Global.swift in Sources */,
				BD43307E2101742A0002C84C /* WDCommonView.swift in Sources */,
				BD43307C210170740002C84C /* Layout.swift in Sources */,
				BD5CF42C21008096004524F1 /* WDModel.swift in Sources */,
				BD4330982101D1BD0002C84C /* WDAPI.swift in Sources */,
				BD4330942101AF9A0002C84C /* WDCollectionViewCell.swift in Sources */,
				BD4330962101AFC00002C84C /* WDCollectionReusableView.swift in Sources */,
				BD43308A210180270002C84C /* SecondViewController.swift in Sources */,
				BDACE9C421057CB4001D8250 /* URefresh.swift in Sources */,
				BDDD28C520FEE04C00BA1AEC /* AppDelegate.swift in Sources */,
			);
			runOnlyForDeploymentPostprocessing = 0;
		};
		BDDD28D120FEE04E00BA1AEC /* Sources */ = {
			isa = PBXSourcesBuildPhase;
			buildActionMask = 2147483647;
			files = (
				BDDD28DA20FEE04E00BA1AEC /* NewsSwiftTests.swift in Sources */,
			);
			runOnlyForDeploymentPostprocessing = 0;
		};
		BDDD28DC20FEE04E00BA1AEC /* Sources */ = {
			isa = PBXSourcesBuildPhase;
			buildActionMask = 2147483647;
			files = (
				BDDD28E520FEE04E00BA1AEC /* NewsSwiftUITests.swift in Sources */,
			);
			runOnlyForDeploymentPostprocessing = 0;
		};
/* End PBXSourcesBuildPhase section */

/* Begin PBXTargetDependency section */
		BDDD28D720FEE04E00BA1AEC /* PBXTargetDependency */ = {
			isa = PBXTargetDependency;
			target = BDDD28C020FEE04C00BA1AEC /* NewsSwift */;
			targetProxy = BDDD28D620FEE04E00BA1AEC /* PBXContainerItemProxy */;
		};
		BDDD28E220FEE04E00BA1AEC /* PBXTargetDependency */ = {
			isa = PBXTargetDependency;
			target = BDDD28C020FEE04C00BA1AEC /* NewsSwift */;
			targetProxy = BDDD28E120FEE04E00BA1AEC /* PBXContainerItemProxy */;
		};
/* End PBXTargetDependency section */

/* Begin PBXVariantGroup section */
		BDDD28C820FEE04C00BA1AEC /* Main.storyboard */ = {
			isa = PBXVariantGroup;
			children = (
				BDDD28C920FEE04C00BA1AEC /* Base */,
			);
			name = Main.storyboard;
			sourceTree = "<group>";
		};
		BDDD28CD20FEE04E00BA1AEC /* LaunchScreen.storyboard */ = {
			isa = PBXVariantGroup;
			children = (
				BDDD28CE20FEE04E00BA1AEC /* Base */,
			);
			name = LaunchScreen.storyboard;
			sourceTree = "<group>";
		};
/* End PBXVariantGroup section */

/* Begin XCBuildConfiguration section */
		BDDD28E720FEE04E00BA1AEC /* Debug */ = {
			isa = XCBuildConfiguration;
			buildSettings = {
				ALWAYS_SEARCH_USER_PATHS = NO;
				CLANG_ANALYZER_NONNULL = YES;
				CLANG_ANALYZER_NUMBER_OBJECT_CONVERSION = YES_AGGRESSIVE;
				CLANG_CXX_LANGUAGE_STANDARD = "gnu++14";
				CLANG_CXX_LIBRARY = "libc++";
				CLANG_ENABLE_MODULES = YES;
				CLANG_ENABLE_OBJC_ARC = YES;
				CLANG_ENABLE_OBJC_WEAK = YES;
				CLANG_WARN_BLOCK_CAPTURE_AUTORELEASING = YES;
				CLANG_WARN_BOOL_CONVERSION = YES;
				CLANG_WARN_COMMA = YES;
				CLANG_WARN_CONSTANT_CONVERSION = YES;
				CLANG_WARN_DEPRECATED_OBJC_IMPLEMENTATIONS = YES;
				CLANG_WARN_DIRECT_OBJC_ISA_USAGE = YES_ERROR;
				CLANG_WARN_DOCUMENTATION_COMMENTS = YES;
				CLANG_WARN_EMPTY_BODY = YES;
				CLANG_WARN_ENUM_CONVERSION = YES;
				CLANG_WARN_INFINITE_RECURSION = YES;
				CLANG_WARN_INT_CONVERSION = YES;
				CLANG_WARN_NON_LITERAL_NULL_CONVERSION = YES;
				CLANG_WARN_OBJC_IMPLICIT_RETAIN_SELF = YES;
				CLANG_WARN_OBJC_LITERAL_CONVERSION = YES;
				CLANG_WARN_OBJC_ROOT_CLASS = YES_ERROR;
				CLANG_WARN_RANGE_LOOP_ANALYSIS = YES;
				CLANG_WARN_STRICT_PROTOTYPES = YES;
				CLANG_WARN_SUSPICIOUS_MOVE = YES;
				CLANG_WARN_UNGUARDED_AVAILABILITY = YES_AGGRESSIVE;
				CLANG_WARN_UNREACHABLE_CODE = YES;
				CLANG_WARN__DUPLICATE_METHOD_MATCH = YES;
				CODE_SIGN_IDENTITY = "iPhone Developer";
				COPY_PHASE_STRIP = NO;
				DEBUG_INFORMATION_FORMAT = dwarf;
				ENABLE_STRICT_OBJC_MSGSEND = YES;
				ENABLE_TESTABILITY = YES;
				GCC_C_LANGUAGE_STANDARD = gnu11;
				GCC_DYNAMIC_NO_PIC = NO;
				GCC_NO_COMMON_BLOCKS = YES;
				GCC_OPTIMIZATION_LEVEL = 0;
				GCC_PREPROCESSOR_DEFINITIONS = (
					"DEBUG=1",
					"$(inherited)",
				);
				GCC_WARN_64_TO_32_BIT_CONVERSION = YES;
				GCC_WARN_ABOUT_RETURN_TYPE = YES_ERROR;
				GCC_WARN_UNDECLARED_SELECTOR = YES;
				GCC_WARN_UNINITIALIZED_AUTOS = YES_AGGRESSIVE;
				GCC_WARN_UNUSED_FUNCTION = YES;
				GCC_WARN_UNUSED_VARIABLE = YES;
				IPHONEOS_DEPLOYMENT_TARGET = 11.4;
				MTL_ENABLE_DEBUG_INFO = YES;
				ONLY_ACTIVE_ARCH = YES;
				SDKROOT = iphoneos;
				SWIFT_ACTIVE_COMPILATION_CONDITIONS = DEBUG;
				SWIFT_OPTIMIZATION_LEVEL = "-Onone";
				USER_HEADER_SEARCH_PATHS = "$(PODS_ROOT)/**";
			};
			name = Debug;
		};
		BDDD28E820FEE04E00BA1AEC /* Release */ = {
			isa = XCBuildConfiguration;
			buildSettings = {
				ALWAYS_SEARCH_USER_PATHS = NO;
				CLANG_ANALYZER_NONNULL = YES;
				CLANG_ANALYZER_NUMBER_OBJECT_CONVERSION = YES_AGGRESSIVE;
				CLANG_CXX_LANGUAGE_STANDARD = "gnu++14";
				CLANG_CXX_LIBRARY = "libc++";
				CLANG_ENABLE_MODULES = YES;
				CLANG_ENABLE_OBJC_ARC = YES;
				CLANG_ENABLE_OBJC_WEAK = YES;
				CLANG_WARN_BLOCK_CAPTURE_AUTORELEASING = YES;
				CLANG_WARN_BOOL_CONVERSION = YES;
				CLANG_WARN_COMMA = YES;
				CLANG_WARN_CONSTANT_CONVERSION = YES;
				CLANG_WARN_DEPRECATED_OBJC_IMPLEMENTATIONS = YES;
				CLANG_WARN_DIRECT_OBJC_ISA_USAGE = YES_ERROR;
				CLANG_WARN_DOCUMENTATION_COMMENTS = YES;
				CLANG_WARN_EMPTY_BODY = YES;
				CLANG_WARN_ENUM_CONVERSION = YES;
				CLANG_WARN_INFINITE_RECURSION = YES;
				CLANG_WARN_INT_CONVERSION = YES;
				CLANG_WARN_NON_LITERAL_NULL_CONVERSION = YES;
				CLANG_WARN_OBJC_IMPLICIT_RETAIN_SELF = YES;
				CLANG_WARN_OBJC_LITERAL_CONVERSION = YES;
				CLANG_WARN_OBJC_ROOT_CLASS = YES_ERROR;
				CLANG_WARN_RANGE_LOOP_ANALYSIS = YES;
				CLANG_WARN_STRICT_PROTOTYPES = YES;
				CLANG_WARN_SUSPICIOUS_MOVE = YES;
				CLANG_WARN_UNGUARDED_AVAILABILITY = YES_AGGRESSIVE;
				CLANG_WARN_UNREACHABLE_CODE = YES;
				CLANG_WARN__DUPLICATE_METHOD_MATCH = YES;
				CODE_SIGN_IDENTITY = "iPhone Developer";
				COPY_PHASE_STRIP = NO;
				DEBUG_INFORMATION_FORMAT = "dwarf-with-dsym";
				ENABLE_NS_ASSERTIONS = NO;
				ENABLE_STRICT_OBJC_MSGSEND = YES;
				GCC_C_LANGUAGE_STANDARD = gnu11;
				GCC_NO_COMMON_BLOCKS = YES;
				GCC_WARN_64_TO_32_BIT_CONVERSION = YES;
				GCC_WARN_ABOUT_RETURN_TYPE = YES_ERROR;
				GCC_WARN_UNDECLARED_SELECTOR = YES;
				GCC_WARN_UNINITIALIZED_AUTOS = YES_AGGRESSIVE;
				GCC_WARN_UNUSED_FUNCTION = YES;
				GCC_WARN_UNUSED_VARIABLE = YES;
				IPHONEOS_DEPLOYMENT_TARGET = 11.4;
				MTL_ENABLE_DEBUG_INFO = NO;
				SDKROOT = iphoneos;
				SWIFT_COMPILATION_MODE = wholemodule;
				SWIFT_OPTIMIZATION_LEVEL = "-O";
				USER_HEADER_SEARCH_PATHS = "$(PODS_ROOT)/**";
				VALIDATE_PRODUCT = YES;
			};
			name = Release;
		};
		BDDD28EA20FEE04E00BA1AEC /* Debug */ = {
			isa = XCBuildConfiguration;
			baseConfigurationReference = 14C71ED833D73FDF98AA9AE6 /* Pods-NewsSwift.debug.xcconfig */;
			buildSettings = {
				ASSETCATALOG_COMPILER_APPICON_NAME = AppIcon;
				CLANG_ENABLE_MODULES = YES;
				CODE_SIGN_STYLE = Automatic;
				DEVELOPMENT_TEAM = GMW6HA76N5;
				INFOPLIST_FILE = NewsSwift/Info.plist;
				IPHONEOS_DEPLOYMENT_TARGET = 11.0;
				LD_RUNPATH_SEARCH_PATHS = (
					"$(inherited)",
					"@executable_path/Frameworks",
				);
				PRODUCT_BUNDLE_IDENTIFIER = com.zhongzhoupaimai.NewsSwift;
				PRODUCT_NAME = "$(TARGET_NAME)";
				SWIFT_OBJC_BRIDGING_HEADER = "";
				SWIFT_OPTIMIZATION_LEVEL = "-Onone";
				SWIFT_VERSION = 4.0;
				TARGETED_DEVICE_FAMILY = "1,2";
			};
			name = Debug;
		};
		BDDD28EB20FEE04E00BA1AEC /* Release */ = {
			isa = XCBuildConfiguration;
			baseConfigurationReference = 99F2904FDDB2BECA21D713D8 /* Pods-NewsSwift.release.xcconfig */;
			buildSettings = {
				ASSETCATALOG_COMPILER_APPICON_NAME = AppIcon;
				CLANG_ENABLE_MODULES = YES;
				CODE_SIGN_STYLE = Automatic;
				DEVELOPMENT_TEAM = GMW6HA76N5;
				INFOPLIST_FILE = NewsSwift/Info.plist;
				IPHONEOS_DEPLOYMENT_TARGET = 11.0;
				LD_RUNPATH_SEARCH_PATHS = (
					"$(inherited)",
					"@executable_path/Frameworks",
				);
				PRODUCT_BUNDLE_IDENTIFIER = com.zhongzhoupaimai.NewsSwift;
				PRODUCT_NAME = "$(TARGET_NAME)";
				SWIFT_OBJC_BRIDGING_HEADER = "";
				SWIFT_VERSION = 4.0;
				TARGETED_DEVICE_FAMILY = "1,2";
			};
			name = Release;
		};
		BDDD28ED20FEE04E00BA1AEC /* Debug */ = {
			isa = XCBuildConfiguration;
			buildSettings = {
				ALWAYS_EMBED_SWIFT_STANDARD_LIBRARIES = YES;
				BUNDLE_LOADER = "$(TEST_HOST)";
				CODE_SIGN_STYLE = Automatic;
				DEVELOPMENT_TEAM = GMW6HA76N5;
				INFOPLIST_FILE = NewsSwiftTests/Info.plist;
				LD_RUNPATH_SEARCH_PATHS = (
					"$(inherited)",
					"@executable_path/Frameworks",
					"@loader_path/Frameworks",
				);
				PRODUCT_BUNDLE_IDENTIFIER = com.zhongzhoupaimai.NewsSwiftTests;
				PRODUCT_NAME = "$(TARGET_NAME)";
				SWIFT_VERSION = 4.0;
				TARGETED_DEVICE_FAMILY = "1,2";
				TEST_HOST = "$(BUILT_PRODUCTS_DIR)/NewsSwift.app/NewsSwift";
			};
			name = Debug;
		};
		BDDD28EE20FEE04E00BA1AEC /* Release */ = {
			isa = XCBuildConfiguration;
			buildSettings = {
				ALWAYS_EMBED_SWIFT_STANDARD_LIBRARIES = YES;
				BUNDLE_LOADER = "$(TEST_HOST)";
				CODE_SIGN_STYLE = Automatic;
				DEVELOPMENT_TEAM = GMW6HA76N5;
				INFOPLIST_FILE = NewsSwiftTests/Info.plist;
				LD_RUNPATH_SEARCH_PATHS = (
					"$(inherited)",
					"@executable_path/Frameworks",
					"@loader_path/Frameworks",
				);
				PRODUCT_BUNDLE_IDENTIFIER = com.zhongzhoupaimai.NewsSwiftTests;
				PRODUCT_NAME = "$(TARGET_NAME)";
				SWIFT_VERSION = 4.0;
				TARGETED_DEVICE_FAMILY = "1,2";
				TEST_HOST = "$(BUILT_PRODUCTS_DIR)/NewsSwift.app/NewsSwift";
			};
			name = Release;
		};
		BDDD28F020FEE04E00BA1AEC /* Debug */ = {
			isa = XCBuildConfiguration;
			buildSettings = {
				ALWAYS_EMBED_SWIFT_STANDARD_LIBRARIES = YES;
				CODE_SIGN_STYLE = Automatic;
				DEVELOPMENT_TEAM = GMW6HA76N5;
				INFOPLIST_FILE = NewsSwiftUITests/Info.plist;
				LD_RUNPATH_SEARCH_PATHS = (
					"$(inherited)",
					"@executable_path/Frameworks",
					"@loader_path/Frameworks",
				);
				PRODUCT_BUNDLE_IDENTIFIER = com.zhongzhoupaimai.NewsSwiftUITests;
				PRODUCT_NAME = "$(TARGET_NAME)";
				SWIFT_VERSION = 4.0;
				TARGETED_DEVICE_FAMILY = "1,2";
				TEST_TARGET_NAME = NewsSwift;
			};
			name = Debug;
		};
		BDDD28F120FEE04E00BA1AEC /* Release */ = {
			isa = XCBuildConfiguration;
			buildSettings = {
				ALWAYS_EMBED_SWIFT_STANDARD_LIBRARIES = YES;
				CODE_SIGN_STYLE = Automatic;
				DEVELOPMENT_TEAM = GMW6HA76N5;
				INFOPLIST_FILE = NewsSwiftUITests/Info.plist;
				LD_RUNPATH_SEARCH_PATHS = (
					"$(inherited)",
					"@executable_path/Frameworks",
					"@loader_path/Frameworks",
				);
				PRODUCT_BUNDLE_IDENTIFIER = com.zhongzhoupaimai.NewsSwiftUITests;
				PRODUCT_NAME = "$(TARGET_NAME)";
				SWIFT_VERSION = 4.0;
				TARGETED_DEVICE_FAMILY = "1,2";
				TEST_TARGET_NAME = NewsSwift;
			};
			name = Release;
		};
/* End XCBuildConfiguration section */

/* Begin XCConfigurationList section */
		BDDD28BC20FEE04C00BA1AEC /* Build configuration list for PBXProject "NewsSwift" */ = {
			isa = XCConfigurationList;
			buildConfigurations = (
				BDDD28E720FEE04E00BA1AEC /* Debug */,
				BDDD28E820FEE04E00BA1AEC /* Release */,
			);
			defaultConfigurationIsVisible = 0;
			defaultConfigurationName = Release;
		};
		BDDD28E920FEE04E00BA1AEC /* Build configuration list for PBXNativeTarget "NewsSwift" */ = {
			isa = XCConfigurationList;
			buildConfigurations = (
				BDDD28EA20FEE04E00BA1AEC /* Debug */,
				BDDD28EB20FEE04E00BA1AEC /* Release */,
			);
			defaultConfigurationIsVisible = 0;
			defaultConfigurationName = Release;
		};
		BDDD28EC20FEE04E00BA1AEC /* Build configuration list for PBXNativeTarget "NewsSwiftTests" */ = {
			isa = XCConfigurationList;
			buildConfigurations = (
				BDDD28ED20FEE04E00BA1AEC /* Debug */,
				BDDD28EE20FEE04E00BA1AEC /* Release */,
			);
			defaultConfigurationIsVisible = 0;
			defaultConfigurationName = Release;
		};
		BDDD28EF20FEE04E00BA1AEC /* Build configuration list for PBXNativeTarget "NewsSwiftUITests" */ = {
			isa = XCConfigurationList;
			buildConfigurations = (
				BDDD28F020FEE04E00BA1AEC /* Debug */,
				BDDD28F120FEE04E00BA1AEC /* Release */,
			);
			defaultConfigurationIsVisible = 0;
			defaultConfigurationName = Release;
		};
/* End XCConfigurationList section */
	};
	rootObject = BDDD28B920FEE04C00BA1AEC /* Project object */;
}
